// !$*UTF8*$!
{
	archiveVersion = 1;
	classes = {
	};
	objectVersion = 56;
	objects = {

/* Begin PBXBuildFile section */
		576CF2FC29DC8E0E00886E29 /* SportType.swift in Sources */ = {isa = PBXBuildFile; fileRef = 576CF2FB29DC8E0E00886E29 /* SportType.swift */; };
		576CF2FE29DC910B00886E29 /* MainTablesTypeItem.swift in Sources */ = {isa = PBXBuildFile; fileRef = 576CF2FD29DC910B00886E29 /* MainTablesTypeItem.swift */; };
		576CF30429DC989600886E29 /* LoginController.swift in Sources */ = {isa = PBXBuildFile; fileRef = 576CF30329DC989600886E29 /* LoginController.swift */; };
		576CF30629DC993800886E29 /* SportTypeCollectionView.swift in Sources */ = {isa = PBXBuildFile; fileRef = 576CF30529DC993800886E29 /* SportTypeCollectionView.swift */; };
		576CF30929DCA37B00886E29 /* SportTypeCollectionViewCell.swift in Sources */ = {isa = PBXBuildFile; fileRef = 576CF30829DCA37B00886E29 /* SportTypeCollectionViewCell.swift */; };
		576CF30D29DCBA0300886E29 /* MainTableView.swift in Sources */ = {isa = PBXBuildFile; fileRef = 576CF30C29DCBA0300886E29 /* MainTableView.swift */; };
		576CF30F29DCBB3500886E29 /* MainTableViewCell.swift in Sources */ = {isa = PBXBuildFile; fileRef = 576CF30E29DCBB3500886E29 /* MainTableViewCell.swift */; };
		576CF31129DCBDF300886E29 /* UIImageView + Extensions.swift in Sources */ = {isa = PBXBuildFile; fileRef = 576CF31029DCBDF300886E29 /* UIImageView + Extensions.swift */; };
		576CF31329DCBECB00886E29 /* UILabel + Extensions.swift in Sources */ = {isa = PBXBuildFile; fileRef = 576CF31229DCBECB00886E29 /* UILabel + Extensions.swift */; };
		576CF31729DCC63E00886E29 /* GothamPro-Bold.ttf in Resources */ = {isa = PBXBuildFile; fileRef = 576CF31629DCC63E00886E29 /* GothamPro-Bold.ttf */; };
		576CF31929DCC99300886E29 /* UIButton + Extensions.swift in Sources */ = {isa = PBXBuildFile; fileRef = 576CF31829DCC99300886E29 /* UIButton + Extensions.swift */; };
		57F9965C29B4A5330062E8E9 /* AppDelegate.swift in Sources */ = {isa = PBXBuildFile; fileRef = 57F9965B29B4A5330062E8E9 /* AppDelegate.swift */; };
		57F9965E29B4A5330062E8E9 /* SceneDelegate.swift in Sources */ = {isa = PBXBuildFile; fileRef = 57F9965D29B4A5330062E8E9 /* SceneDelegate.swift */; };
		57F9966029B4A5330062E8E9 /* MainViewController.swift in Sources */ = {isa = PBXBuildFile; fileRef = 57F9965F29B4A5330062E8E9 /* MainViewController.swift */; };
		57F9966529B4A5350062E8E9 /* Assets.xcassets in Resources */ = {isa = PBXBuildFile; fileRef = 57F9966429B4A5350062E8E9 /* Assets.xcassets */; };
		57F9966829B4A5350062E8E9 /* LaunchScreen.storyboard in Resources */ = {isa = PBXBuildFile; fileRef = 57F9966629B4A5350062E8E9 /* LaunchScreen.storyboard */; };
		57F9967729B4A7350062E8E9 /* UIColor + Extensions.swift in Sources */ = {isa = PBXBuildFile; fileRef = 57F9967629B4A7350062E8E9 /* UIColor + Extensions.swift */; };
		57F9967929B4A7480062E8E9 /* UIFont + Extensions.swift in Sources */ = {isa = PBXBuildFile; fileRef = 57F9967829B4A7480062E8E9 /* UIFont + Extensions.swift */; };
		57F9967F29B4AB800062E8E9 /* COPYRIGHT.txt in Resources */ = {isa = PBXBuildFile; fileRef = 57F9967B29B4AB800062E8E9 /* COPYRIGHT.txt */; };
		57F9968029B4AB800062E8E9 /* GothamPro.ttf in Resources */ = {isa = PBXBuildFile; fileRef = 57F9967C29B4AB800062E8E9 /* GothamPro.ttf */; };
		57F9968129B4AB800062E8E9 /* GothamPro-Light.ttf in Resources */ = {isa = PBXBuildFile; fileRef = 57F9967D29B4AB800062E8E9 /* GothamPro-Light.ttf */; };
		57F9968529B4BDAA0062E8E9 /* UIcustomMainButton.swift in Sources */ = {isa = PBXBuildFile; fileRef = 57F9968429B4BDAA0062E8E9 /* UIcustomMainButton.swift */; };
		57F9968F29B4EE300062E8E9 /* UIViewController + Extensions.swift in Sources */ = {isa = PBXBuildFile; fileRef = 57F9968E29B4EE300062E8E9 /* UIViewController + Extensions.swift */; };
/* End PBXBuildFile section */

/* Begin PBXFileReference section */
		576CF2FB29DC8E0E00886E29 /* SportType.swift */ = {isa = PBXFileReference; lastKnownFileType = sourcecode.swift; path = SportType.swift; sourceTree = "<group>"; };
		576CF2FD29DC910B00886E29 /* MainTablesTypeItem.swift */ = {isa = PBXFileReference; lastKnownFileType = sourcecode.swift; path = MainTablesTypeItem.swift; sourceTree = "<group>"; };
		576CF30329DC989600886E29 /* LoginController.swift */ = {isa = PBXFileReference; lastKnownFileType = sourcecode.swift; path = LoginController.swift; sourceTree = "<group>"; };
		576CF30529DC993800886E29 /* SportTypeCollectionView.swift */ = {isa = PBXFileReference; lastKnownFileType = sourcecode.swift; path = SportTypeCollectionView.swift; sourceTree = "<group>"; };
		576CF30829DCA37B00886E29 /* SportTypeCollectionViewCell.swift */ = {isa = PBXFileReference; lastKnownFileType = sourcecode.swift; path = SportTypeCollectionViewCell.swift; sourceTree = "<group>"; };
		576CF30C29DCBA0300886E29 /* MainTableView.swift */ = {isa = PBXFileReference; lastKnownFileType = sourcecode.swift; path = MainTableView.swift; sourceTree = "<group>"; };
		576CF30E29DCBB3500886E29 /* MainTableViewCell.swift */ = {isa = PBXFileReference; lastKnownFileType = sourcecode.swift; path = MainTableViewCell.swift; sourceTree = "<group>"; };
		576CF31029DCBDF300886E29 /* UIImageView + Extensions.swift */ = {isa = PBXFileReference; lastKnownFileType = sourcecode.swift; path = "UIImageView + Extensions.swift"; sourceTree = "<group>"; };
		576CF31229DCBECB00886E29 /* UILabel + Extensions.swift */ = {isa = PBXFileReference; lastKnownFileType = sourcecode.swift; path = "UILabel + Extensions.swift"; sourceTree = "<group>"; };
		576CF31629DCC63E00886E29 /* GothamPro-Bold.ttf */ = {isa = PBXFileReference; lastKnownFileType = file; path = "GothamPro-Bold.ttf"; sourceTree = "<group>"; };
		576CF31829DCC99300886E29 /* UIButton + Extensions.swift */ = {isa = PBXFileReference; lastKnownFileType = sourcecode.swift; path = "UIButton + Extensions.swift"; sourceTree = "<group>"; };
		57F9965829B4A5330062E8E9 /* MultiSport.app */ = {isa = PBXFileReference; explicitFileType = wrapper.application; includeInIndex = 0; path = MultiSport.app; sourceTree = BUILT_PRODUCTS_DIR; };
		57F9965B29B4A5330062E8E9 /* AppDelegate.swift */ = {isa = PBXFileReference; lastKnownFileType = sourcecode.swift; path = AppDelegate.swift; sourceTree = "<group>"; };
		57F9965D29B4A5330062E8E9 /* SceneDelegate.swift */ = {isa = PBXFileReference; lastKnownFileType = sourcecode.swift; path = SceneDelegate.swift; sourceTree = "<group>"; };
		57F9965F29B4A5330062E8E9 /* MainViewController.swift */ = {isa = PBXFileReference; lastKnownFileType = sourcecode.swift; path = MainViewController.swift; sourceTree = "<group>"; };
		57F9966429B4A5350062E8E9 /* Assets.xcassets */ = {isa = PBXFileReference; lastKnownFileType = folder.assetcatalog; path = Assets.xcassets; sourceTree = "<group>"; };
		57F9966729B4A5350062E8E9 /* Base */ = {isa = PBXFileReference; lastKnownFileType = file.storyboard; name = Base; path = Base.lproj/LaunchScreen.storyboard; sourceTree = "<group>"; };
		57F9966929B4A5350062E8E9 /* Info.plist */ = {isa = PBXFileReference; lastKnownFileType = text.plist.xml; path = Info.plist; sourceTree = "<group>"; };
		57F9967629B4A7350062E8E9 /* UIColor + Extensions.swift */ = {isa = PBXFileReference; lastKnownFileType = sourcecode.swift; path = "UIColor + Extensions.swift"; sourceTree = "<group>"; };
		57F9967829B4A7480062E8E9 /* UIFont + Extensions.swift */ = {isa = PBXFileReference; lastKnownFileType = sourcecode.swift; path = "UIFont + Extensions.swift"; sourceTree = "<group>"; };
		57F9967B29B4AB800062E8E9 /* COPYRIGHT.txt */ = {isa = PBXFileReference; fileEncoding = 4; lastKnownFileType = text; path = COPYRIGHT.txt; sourceTree = "<group>"; };
		57F9967C29B4AB800062E8E9 /* GothamPro.ttf */ = {isa = PBXFileReference; lastKnownFileType = file; path = GothamPro.ttf; sourceTree = "<group>"; };
		57F9967D29B4AB800062E8E9 /* GothamPro-Light.ttf */ = {isa = PBXFileReference; lastKnownFileType = file; path = "GothamPro-Light.ttf"; sourceTree = "<group>"; };
		57F9968429B4BDAA0062E8E9 /* UIcustomMainButton.swift */ = {isa = PBXFileReference; lastKnownFileType = sourcecode.swift; path = UIcustomMainButton.swift; sourceTree = "<group>"; };
		57F9968E29B4EE300062E8E9 /* UIViewController + Extensions.swift */ = {isa = PBXFileReference; lastKnownFileType = sourcecode.swift; path = "UIViewController + Extensions.swift"; sourceTree = "<group>"; };
/* End PBXFileReference section */

/* Begin PBXFrameworksBuildPhase section */
		57F9965529B4A5330062E8E9 /* Frameworks */ = {
			isa = PBXFrameworksBuildPhase;
			buildActionMask = 2147483647;
			files = (
			);
			runOnlyForDeploymentPostprocessing = 0;
		};
/* End PBXFrameworksBuildPhase section */

/* Begin PBXGroup section */
		576CF2FA29DC8DF100886E29 /* Model */ = {
			isa = PBXGroup;
			children = (
				576CF2FB29DC8E0E00886E29 /* SportType.swift */,
				576CF2FD29DC910B00886E29 /* MainTablesTypeItem.swift */,
			);
			path = Model;
			sourceTree = "<group>";
		};
		576CF2FF29DC985000886E29 /* LogInModule */ = {
			isa = PBXGroup;
			children = (
				576CF30229DC986C00886E29 /* Models */,
				576CF30129DC986400886E29 /* Views */,
				576CF30029DC985D00886E29 /* Controllers */,
			);
			path = LogInModule;
			sourceTree = "<group>";
		};
		576CF30029DC985D00886E29 /* Controllers */ = {
			isa = PBXGroup;
			children = (
				576CF30329DC989600886E29 /* LoginController.swift */,
			);
			path = Controllers;
			sourceTree = "<group>";
		};
		576CF30129DC986400886E29 /* Views */ = {
			isa = PBXGroup;
			children = (
			);
			path = Views;
			sourceTree = "<group>";
		};
		576CF30229DC986C00886E29 /* Models */ = {
			isa = PBXGroup;
			children = (
			);
			path = Models;
			sourceTree = "<group>";
		};
		576CF30729DCA37000886E29 /* cell */ = {
			isa = PBXGroup;
			children = (
				576CF30829DCA37B00886E29 /* SportTypeCollectionViewCell.swift */,
				576CF30E29DCBB3500886E29 /* MainTableViewCell.swift */,
			);
			path = cell;
			sourceTree = "<group>";
		};
		57F9964F29B4A5330062E8E9 = {
			isa = PBXGroup;
			children = (
				57F9965A29B4A5330062E8E9 /* MultiSport */,
				57F9965929B4A5330062E8E9 /* Products */,
			);
			sourceTree = "<group>";
		};
		57F9965929B4A5330062E8E9 /* Products */ = {
			isa = PBXGroup;
			children = (
				57F9965829B4A5330062E8E9 /* MultiSport.app */,
			);
			name = Products;
			sourceTree = "<group>";
		};
		57F9965A29B4A5330062E8E9 /* MultiSport */ = {
			isa = PBXGroup;
			children = (
				576CF2FF29DC985000886E29 /* LogInModule */,
				57F9967129B4A6CD0062E8E9 /* MainModule */,
				57F9967429B4A6EE0062E8E9 /* Extensions + UICustomComponents */,
				57F9967029B4A6BE0062E8E9 /* Aplication */,
				57F9966F29B4A6460062E8E9 /* Suport */,
			);
			path = MultiSport;
			sourceTree = "<group>";
		};
		57F9966F29B4A6460062E8E9 /* Suport */ = {
			isa = PBXGroup;
			children = (
				57F9967A29B4AB800062E8E9 /* Fonts */,
				57F9966429B4A5350062E8E9 /* Assets.xcassets */,
				57F9966629B4A5350062E8E9 /* LaunchScreen.storyboard */,
				57F9966929B4A5350062E8E9 /* Info.plist */,
			);
			path = Suport;
			sourceTree = "<group>";
		};
		57F9967029B4A6BE0062E8E9 /* Aplication */ = {
			isa = PBXGroup;
			children = (
				57F9965B29B4A5330062E8E9 /* AppDelegate.swift */,
				57F9965D29B4A5330062E8E9 /* SceneDelegate.swift */,
			);
			path = Aplication;
			sourceTree = "<group>";
		};
		57F9967129B4A6CD0062E8E9 /* MainModule */ = {
			isa = PBXGroup;
			children = (
				576CF2FA29DC8DF100886E29 /* Model */,
				57F9967329B4A6DC0062E8E9 /* Views */,
				57F9967229B4A6D60062E8E9 /* Controllers */,
			);
			path = MainModule;
			sourceTree = "<group>";
		};
		57F9967229B4A6D60062E8E9 /* Controllers */ = {
			isa = PBXGroup;
			children = (
				57F9965F29B4A5330062E8E9 /* MainViewController.swift */,
			);
			path = Controllers;
			sourceTree = "<group>";
		};
		57F9967329B4A6DC0062E8E9 /* Views */ = {
			isa = PBXGroup;
			children = (
				576CF30729DCA37000886E29 /* cell */,
				576CF30529DC993800886E29 /* SportTypeCollectionView.swift */,
				576CF30C29DCBA0300886E29 /* MainTableView.swift */,
			);
			path = Views;
			sourceTree = "<group>";
		};
		57F9967429B4A6EE0062E8E9 /* Extensions + UICustomComponents */ = {
			isa = PBXGroup;
			children = (
				57F9968329B4BD8C0062E8E9 /* ReuseUIComponent */,
				57F9968D29B4EDFB0062E8E9 /* ExtensionCustomNavBar */,
				57F9967629B4A7350062E8E9 /* UIColor + Extensions.swift */,
				57F9967829B4A7480062E8E9 /* UIFont + Extensions.swift */,
				576CF31029DCBDF300886E29 /* UIImageView + Extensions.swift */,
				576CF31229DCBECB00886E29 /* UILabel + Extensions.swift */,
				576CF31829DCC99300886E29 /* UIButton + Extensions.swift */,
			);
			path = "Extensions + UICustomComponents";
			sourceTree = "<group>";
		};
		57F9967A29B4AB800062E8E9 /* Fonts */ = {
			isa = PBXGroup;
			children = (
				576CF31629DCC63E00886E29 /* GothamPro-Bold.ttf */,
				57F9967B29B4AB800062E8E9 /* COPYRIGHT.txt */,
				57F9967C29B4AB800062E8E9 /* GothamPro.ttf */,
				57F9967D29B4AB800062E8E9 /* GothamPro-Light.ttf */,
			);
			path = Fonts;
			sourceTree = "<group>";
		};
		57F9968329B4BD8C0062E8E9 /* ReuseUIComponent */ = {
			isa = PBXGroup;
			children = (
				57F9968429B4BDAA0062E8E9 /* UIcustomMainButton.swift */,
			);
			path = ReuseUIComponent;
			sourceTree = "<group>";
		};
		57F9968D29B4EDFB0062E8E9 /* ExtensionCustomNavBar */ = {
			isa = PBXGroup;
			children = (
				57F9968E29B4EE300062E8E9 /* UIViewController + Extensions.swift */,
			);
			path = ExtensionCustomNavBar;
			sourceTree = "<group>";
		};
/* End PBXGroup section */

/* Begin PBXNativeTarget section */
		57F9965729B4A5330062E8E9 /* MultiSport */ = {
			isa = PBXNativeTarget;
			buildConfigurationList = 57F9966C29B4A5350062E8E9 /* Build configuration list for PBXNativeTarget "MultiSport" */;
			buildPhases = (
				57F9965429B4A5330062E8E9 /* Sources */,
				57F9965529B4A5330062E8E9 /* Frameworks */,
				57F9965629B4A5330062E8E9 /* Resources */,
			);
			buildRules = (
			);
			dependencies = (
			);
			name = MultiSport;
			productName = MultiSport;
			productReference = 57F9965829B4A5330062E8E9 /* MultiSport.app */;
			productType = "com.apple.product-type.application";
		};
/* End PBXNativeTarget section */

/* Begin PBXProject section */
		57F9965029B4A5330062E8E9 /* Project object */ = {
			isa = PBXProject;
			attributes = {
				BuildIndependentTargetsInParallel = 1;
				LastSwiftUpdateCheck = 1420;
				LastUpgradeCheck = 1420;
				TargetAttributes = {
					57F9965729B4A5330062E8E9 = {
						CreatedOnToolsVersion = 14.2;
					};
				};
			};
			buildConfigurationList = 57F9965329B4A5330062E8E9 /* Build configuration list for PBXProject "MultiSport" */;
			compatibilityVersion = "Xcode 14.0";
			developmentRegion = en;
			hasScannedForEncodings = 0;
			knownRegions = (
				en,
				Base,
			);
			mainGroup = 57F9964F29B4A5330062E8E9;
			productRefGroup = 57F9965929B4A5330062E8E9 /* Products */;
			projectDirPath = "";
			projectRoot = "";
			targets = (
				57F9965729B4A5330062E8E9 /* MultiSport */,
			);
		};
/* End PBXProject section */

/* Begin PBXResourcesBuildPhase section */
		57F9965629B4A5330062E8E9 /* Resources */ = {
			isa = PBXResourcesBuildPhase;
			buildActionMask = 2147483647;
			files = (
				57F9966829B4A5350062E8E9 /* LaunchScreen.storyboard in Resources */,
				57F9966529B4A5350062E8E9 /* Assets.xcassets in Resources */,
				57F9968129B4AB800062E8E9 /* GothamPro-Light.ttf in Resources */,
				57F9968029B4AB800062E8E9 /* GothamPro.ttf in Resources */,
				57F9967F29B4AB800062E8E9 /* COPYRIGHT.txt in Resources */,
				576CF31729DCC63E00886E29 /* GothamPro-Bold.ttf in Resources */,
			);
			runOnlyForDeploymentPostprocessing = 0;
		};
/* End PBXResourcesBuildPhase section */

/* Begin PBXSourcesBuildPhase section */
		57F9965429B4A5330062E8E9 /* Sources */ = {
			isa = PBXSourcesBuildPhase;
			buildActionMask = 2147483647;
			files = (
				576CF30D29DCBA0300886E29 /* MainTableView.swift in Sources */,
				576CF2FE29DC910B00886E29 /* MainTablesTypeItem.swift in Sources */,
				57F9968529B4BDAA0062E8E9 /* UIcustomMainButton.swift in Sources */,
				57F9966029B4A5330062E8E9 /* MainViewController.swift in Sources */,
				576CF30929DCA37B00886E29 /* SportTypeCollectionViewCell.swift in Sources */,
				576CF2FC29DC8E0E00886E29 /* SportType.swift in Sources */,
				57F9967729B4A7350062E8E9 /* UIColor + Extensions.swift in Sources */,
				57F9967929B4A7480062E8E9 /* UIFont + Extensions.swift in Sources */,
				57F9965C29B4A5330062E8E9 /* AppDelegate.swift in Sources */,
				57F9968F29B4EE300062E8E9 /* UIViewController + Extensions.swift in Sources */,
				576CF30F29DCBB3500886E29 /* MainTableViewCell.swift in Sources */,
				576CF30629DC993800886E29 /* SportTypeCollectionView.swift in Sources */,
				57F9965E29B4A5330062E8E9 /* SceneDelegate.swift in Sources */,
				576CF30429DC989600886E29 /* LoginController.swift in Sources */,
				576CF31929DCC99300886E29 /* UIButton + Extensions.swift in Sources */,
				576CF31329DCBECB00886E29 /* UILabel + Extensions.swift in Sources */,
				576CF31129DCBDF300886E29 /* UIImageView + Extensions.swift in Sources */,
			);
			runOnlyForDeploymentPostprocessing = 0;
		};
/* End PBXSourcesBuildPhase section */

/* Begin PBXVariantGroup section */
		57F9966629B4A5350062E8E9 /* LaunchScreen.storyboard */ = {
			isa = PBXVariantGroup;
			children = (
				57F9966729B4A5350062E8E9 /* Base */,
			);
			name = LaunchScreen.storyboard;
			sourceTree = "<group>";
		};
/* End PBXVariantGroup section */

/* Begin XCBuildConfiguration section */
		57F9966A29B4A5350062E8E9 /* Debug */ = {
			isa = XCBuildConfiguration;
			buildSettings = {
				ALWAYS_SEARCH_USER_PATHS = NO;
				CLANG_ANALYZER_NONNULL = YES;
				CLANG_ANALYZER_NUMBER_OBJECT_CONVERSION = YES_AGGRESSIVE;
				CLANG_CXX_LANGUAGE_STANDARD = "gnu++20";
				CLANG_ENABLE_MODULES = YES;
				CLANG_ENABLE_OBJC_ARC = YES;
				CLANG_ENABLE_OBJC_WEAK = YES;
				CLANG_WARN_BLOCK_CAPTURE_AUTORELEASING = YES;
				CLANG_WARN_BOOL_CONVERSION = YES;
				CLANG_WARN_COMMA = YES;
				CLANG_WARN_CONSTANT_CONVERSION = YES;
				CLANG_WARN_DEPRECATED_OBJC_IMPLEMENTATIONS = YES;
				CLANG_WARN_DIRECT_OBJC_ISA_USAGE = YES_ERROR;
				CLANG_WARN_DOCUMENTATION_COMMENTS = YES;
				CLANG_WARN_EMPTY_BODY = YES;
				CLANG_WARN_ENUM_CONVERSION = YES;
				CLANG_WARN_INFINITE_RECURSION = YES;
				CLANG_WARN_INT_CONVERSION = YES;
				CLANG_WARN_NON_LITERAL_NULL_CONVERSION = YES;
				CLANG_WARN_OBJC_IMPLICIT_RETAIN_SELF = YES;
				CLANG_WARN_OBJC_LITERAL_CONVERSION = YES;
				CLANG_WARN_OBJC_ROOT_CLASS = YES_ERROR;
				CLANG_WARN_QUOTED_INCLUDE_IN_FRAMEWORK_HEADER = YES;
				CLANG_WARN_RANGE_LOOP_ANALYSIS = YES;
				CLANG_WARN_STRICT_PROTOTYPES = YES;
				CLANG_WARN_SUSPICIOUS_MOVE = YES;
				CLANG_WARN_UNGUARDED_AVAILABILITY = YES_AGGRESSIVE;
				CLANG_WARN_UNREACHABLE_CODE = YES;
				CLANG_WARN__DUPLICATE_METHOD_MATCH = YES;
				COPY_PHASE_STRIP = NO;
				DEBUG_INFORMATION_FORMAT = dwarf;
				ENABLE_STRICT_OBJC_MSGSEND = YES;
				ENABLE_TESTABILITY = YES;
				GCC_C_LANGUAGE_STANDARD = gnu11;
				GCC_DYNAMIC_NO_PIC = NO;
				GCC_NO_COMMON_BLOCKS = YES;
				GCC_OPTIMIZATION_LEVEL = 0;
				GCC_PREPROCESSOR_DEFINITIONS = (
					"DEBUG=1",
					"$(inherited)",
				);
				GCC_WARN_64_TO_32_BIT_CONVERSION = YES;
				GCC_WARN_ABOUT_RETURN_TYPE = YES_ERROR;
				GCC_WARN_UNDECLARED_SELECTOR = YES;
				GCC_WARN_UNINITIALIZED_AUTOS = YES_AGGRESSIVE;
				GCC_WARN_UNUSED_FUNCTION = YES;
				GCC_WARN_UNUSED_VARIABLE = YES;
				IPHONEOS_DEPLOYMENT_TARGET = 16.2;
				MTL_ENABLE_DEBUG_INFO = INCLUDE_SOURCE;
				MTL_FAST_MATH = YES;
				ONLY_ACTIVE_ARCH = YES;
				SDKROOT = iphoneos;
				SWIFT_ACTIVE_COMPILATION_CONDITIONS = DEBUG;
				SWIFT_OPTIMIZATION_LEVEL = "-Onone";
			};
			name = Debug;
		};
		57F9966B29B4A5350062E8E9 /* Release */ = {
			isa = XCBuildConfiguration;
			buildSettings = {
				ALWAYS_SEARCH_USER_PATHS = NO;
				CLANG_ANALYZER_NONNULL = YES;
				CLANG_ANALYZER_NUMBER_OBJECT_CONVERSION = YES_AGGRESSIVE;
				CLANG_CXX_LANGUAGE_STANDARD = "gnu++20";
				CLANG_ENABLE_MODULES = YES;
				CLANG_ENABLE_OBJC_ARC = YES;
				CLANG_ENABLE_OBJC_WEAK = YES;
				CLANG_WARN_BLOCK_CAPTURE_AUTORELEASING = YES;
				CLANG_WARN_BOOL_CONVERSION = YES;
				CLANG_WARN_COMMA = YES;
				CLANG_WARN_CONSTANT_CONVERSION = YES;
				CLANG_WARN_DEPRECATED_OBJC_IMPLEMENTATIONS = YES;
				CLANG_WARN_DIRECT_OBJC_ISA_USAGE = YES_ERROR;
				CLANG_WARN_DOCUMENTATION_COMMENTS = YES;
				CLANG_WARN_EMPTY_BODY = YES;
				CLANG_WARN_ENUM_CONVERSION = YES;
				CLANG_WARN_INFINITE_RECURSION = YES;
				CLANG_WARN_INT_CONVERSION = YES;
				CLANG_WARN_NON_LITERAL_NULL_CONVERSION = YES;
				CLANG_WARN_OBJC_IMPLICIT_RETAIN_SELF = YES;
				CLANG_WARN_OBJC_LITERAL_CONVERSION = YES;
				CLANG_WARN_OBJC_ROOT_CLASS = YES_ERROR;
				CLANG_WARN_QUOTED_INCLUDE_IN_FRAMEWORK_HEADER = YES;
				CLANG_WARN_RANGE_LOOP_ANALYSIS = YES;
				CLANG_WARN_STRICT_PROTOTYPES = YES;
				CLANG_WARN_SUSPICIOUS_MOVE = YES;
				CLANG_WARN_UNGUARDED_AVAILABILITY = YES_AGGRESSIVE;
				CLANG_WARN_UNREACHABLE_CODE = YES;
				CLANG_WARN__DUPLICATE_METHOD_MATCH = YES;
				COPY_PHASE_STRIP = NO;
				DEBUG_INFORMATION_FORMAT = "dwarf-with-dsym";
				ENABLE_NS_ASSERTIONS = NO;
				ENABLE_STRICT_OBJC_MSGSEND = YES;
				GCC_C_LANGUAGE_STANDARD = gnu11;
				GCC_NO_COMMON_BLOCKS = YES;
				GCC_WARN_64_TO_32_BIT_CONVERSION = YES;
				GCC_WARN_ABOUT_RETURN_TYPE = YES_ERROR;
				GCC_WARN_UNDECLARED_SELECTOR = YES;
				GCC_WARN_UNINITIALIZED_AUTOS = YES_AGGRESSIVE;
				GCC_WARN_UNUSED_FUNCTION = YES;
				GCC_WARN_UNUSED_VARIABLE = YES;
				IPHONEOS_DEPLOYMENT_TARGET = 16.2;
				MTL_ENABLE_DEBUG_INFO = NO;
				MTL_FAST_MATH = YES;
				SDKROOT = iphoneos;
				SWIFT_COMPILATION_MODE = wholemodule;
				SWIFT_OPTIMIZATION_LEVEL = "-O";
				VALIDATE_PRODUCT = YES;
			};
			name = Release;
		};
		57F9966D29B4A5350062E8E9 /* Debug */ = {
			isa = XCBuildConfiguration;
			buildSettings = {
				ASSETCATALOG_COMPILER_APPICON_NAME = AppIcon;
				ASSETCATALOG_COMPILER_GLOBAL_ACCENT_COLOR_NAME = AccentColor;
				CODE_SIGN_STYLE = Automatic;
				CURRENT_PROJECT_VERSION = 1;
				DEVELOPMENT_TEAM = 93HT3455DF;
				GENERATE_INFOPLIST_FILE = YES;
				INFOPLIST_FILE = MultiSport/Suport/Info.plist;
				INFOPLIST_KEY_UIApplicationSupportsIndirectInputEvents = YES;
				INFOPLIST_KEY_UILaunchStoryboardName = LaunchScreen;
				INFOPLIST_KEY_UISupportedInterfaceOrientations = UIInterfaceOrientationPortrait;
				INFOPLIST_KEY_UISupportedInterfaceOrientations_iPad = "UIInterfaceOrientationPortrait UIInterfaceOrientationPortraitUpsideDown";
				IPHONEOS_DEPLOYMENT_TARGET = 13.0;
				LD_RUNPATH_SEARCH_PATHS = (
					"$(inherited)",
					"@executable_path/Frameworks",
				);
				MARKETING_VERSION = 1.0;
				PRODUCT_BUNDLE_IDENTIFIER = "it-ctor.MultiSport";
				PRODUCT_NAME = "$(TARGET_NAME)";
				SUPPORTED_PLATFORMS = "iphoneos iphonesimulator";
				SUPPORTS_MACCATALYST = NO;
				SUPPORTS_MAC_DESIGNED_FOR_IPHONE_IPAD = NO;
				SWIFT_EMIT_LOC_STRINGS = YES;
				SWIFT_VERSION = 5.0;
				TARGETED_DEVICE_FAMILY = "1,2";
			};
			name = Debug;
		};
		57F9966E29B4A5350062E8E9 /* Release */ = {
			isa = XCBuildConfiguration;
			buildSettings = {
				ASSETCATALOG_COMPILER_APPICON_NAME = AppIcon;
				ASSETCATALOG_COMPILER_GLOBAL_ACCENT_COLOR_NAME = AccentColor;
				CODE_SIGN_STYLE = Automatic;
				CURRENT_PROJECT_VERSION = 1;
				DEVELOPMENT_TEAM = 93HT3455DF;
				GENERATE_INFOPLIST_FILE = YES;
				INFOPLIST_FILE = MultiSport/Suport/Info.plist;
				INFOPLIST_KEY_UIApplicationSupportsIndirectInputEvents = YES;
				INFOPLIST_KEY_UILaunchStoryboardName = LaunchScreen;
				INFOPLIST_KEY_UISupportedInterfaceOrientations = UIInterfaceOrientationPortrait;
				INFOPLIST_KEY_UISupportedInterfaceOrientations_iPad = "UIInterfaceOrientationPortrait UIInterfaceOrientationPortraitUpsideDown";
				IPHONEOS_DEPLOYMENT_TARGET = 13.0;
				LD_RUNPATH_SEARCH_PATHS = (
					"$(inherited)",
					"@executable_path/Frameworks",
				);
				MARKETING_VERSION = 1.0;
				PRODUCT_BUNDLE_IDENTIFIER = "it-ctor.MultiSport";
				PRODUCT_NAME = "$(TARGET_NAME)";
				SUPPORTED_PLATFORMS = "iphoneos iphonesimulator";
				SUPPORTS_MACCATALYST = NO;
				SUPPORTS_MAC_DESIGNED_FOR_IPHONE_IPAD = NO;
				SWIFT_EMIT_LOC_STRINGS = YES;
				SWIFT_VERSION = 5.0;
				TARGETED_DEVICE_FAMILY = "1,2";
			};
			name = Release;
		};
/* End XCBuildConfiguration section */

/* Begin XCConfigurationList section */
		57F9965329B4A5330062E8E9 /* Build configuration list for PBXProject "MultiSport" */ = {
			isa = XCConfigurationList;
			buildConfigurations = (
				57F9966A29B4A5350062E8E9 /* Debug */,
				57F9966B29B4A5350062E8E9 /* Release */,
			);
			defaultConfigurationIsVisible = 0;
			defaultConfigurationName = Release;
		};
		57F9966C29B4A5350062E8E9 /* Build configuration list for PBXNativeTarget "MultiSport" */ = {
			isa = XCConfigurationList;
			buildConfigurations = (
				57F9966D29B4A5350062E8E9 /* Debug */,
				57F9966E29B4A5350062E8E9 /* Release */,
			);
			defaultConfigurationIsVisible = 0;
			defaultConfigurationName = Release;
		};
/* End XCConfigurationList section */
	};
	rootObject = 57F9965029B4A5330062E8E9 /* Project object */;
}
